
Microsoft Visual Studio Solution File, Format Version 12.00
# Visual Studio Version 17
VisualStudioVersion = 17.10.34916.146
MinimumVisualStudioVersion = 10.0.40219.1
Project("{FAE04EC0-301F-11D3-BF4B-00C04F79EFBC}") = "ProyectoModelos", "ProyectoModelos.csproj", "{9DD1FF25-ADF1-4969-BFB1-8E713C8B1331}"
EndProject
Global
	GlobalSection(SolutionConfigurationPlatforms) = preSolution
		Debug|Any CPU = Debug|Any CPU
		Release|Any CPU = Release|Any CPU
	EndGlobalSection
	GlobalSection(ProjectConfigurationPlatforms) = postSolution
		{9DD1FF25-ADF1-4969-BFB1-8E713C8B1331}.Debug|Any CPU.ActiveCfg = Debug|Any CPU
		{9DD1FF25-ADF1-4969-BFB1-8E713C8B1331}.Debug|Any CPU.Build.0 = Debug|Any CPU
		{9DD1FF25-ADF1-4969-BFB1-8E713C8B1331}.Release|Any CPU.ActiveCfg = Release|Any CPU
		{9DD1FF25-ADF1-4969-BFB1-8E713C8B1331}.Release|Any CPU.Build.0 = Release|Any CPU
	EndGlobalSection
	GlobalSection(SolutionProperties) = preSolution
		HideSolutionNode = FALSE
	EndGlobalSection
	GlobalSection(ExtensibilityGlobals) = postSolution
		SolutionGuid = {24E51C37-50FA-4B43-B120-F12A8012E846}
	EndGlobalSection
EndGlobal
